
Microsoft Visual Studio Solution File, Format Version 12.00
# Visual Studio 14
VisualStudioVersion = 14.0.25123.0
MinimumVisualStudioVersion = 10.0.40219.1
Project("{FAE04EC0-301F-11D3-BF4B-00C04F79EFBC}") = "SPOExcelFile2SQL", "SPOExcelFile2SQL\SPOExcelFile2SQL.csproj", "{72855F00-B252-44BD-B24B-B93C8884D921}"
EndProject
Global
	GlobalSection(SolutionConfigurationPlatforms) = preSolution
		Debug|Any CPU = Debug|Any CPU
		Release|Any CPU = Release|Any CPU
	EndGlobalSection
	GlobalSection(ProjectConfigurationPlatforms) = postSolution
		{72855F00-B252-44BD-B24B-B93C8884D921}.Debug|Any CPU.ActiveCfg = Debug|Any CPU
		{72855F00-B252-44BD-B24B-B93C8884D921}.Debug|Any CPU.Build.0 = Debug|Any CPU
		{72855F00-B252-44BD-B24B-B93C8884D921}.Release|Any CPU.ActiveCfg = Release|Any CPU
		{72855F00-B252-44BD-B24B-B93C8884D921}.Release|Any CPU.Build.0 = Release|Any CPU
	EndGlobalSection
	GlobalSection(SolutionProperties) = preSolution
		HideSolutionNode = FALSE
	EndGlobalSection
	GlobalSection(TeamFoundationVersionControl) = preSolution
		SccNumberOfProjects = 2
		SccEnterpriseProvider = {4CA58AB2-18FA-4F8D-95D4-32DDF27D184C}
		SccTeamFoundationServer = http://110consulting15:8080/tfs/defaultcollection
		SccLocalPath0 = .
		SccProjectUniqueName1 = SPOExcelFile2SQL\\SPOExcelFile2SQL.csproj
		SccProjectName1 = SPOExcelFile2SQL
		SccLocalPath1 = SPOExcelFile2SQL
	EndGlobalSection
EndGlobal
